%{"flow": {:hex, :flow, "0.12.0", "32c5a5f3ff6693e004b6c17a8c64dce2f8cdaf9564912d79427176013a586ab6", [], [{:gen_stage, "~> 0.12.0", [hex: :gen_stage, repo: "hexpm", optional: false]}], "hexpm"},
  "gen_stage": {:hex, :gen_stage, "0.12.2", "e0e347cbb1ceb5f4e68a526aec4d64b54ad721f0a8b30aa9d28e0ad749419cbb", [], [], "hexpm"},
  "monex": {:hex, :monex, "0.1.10", "f0e899ad9dc067c285d1915e35483c5346f04838f7e938b398504d43e438d28c", [], [], "hexpm"},
  "test_probe": {:hex, :test_probe, "0.0.2", "58b3db9e7c335fe0585bdaef8573a952932b20f7ffdcbecf5410c30aaa58a99d", [], [{:monex, "~> 0.1.10", [hex: :monex, repo: "hexpm", optional: false]}], "hexpm"}}
